
Microsoft Visual Studio Solution File, Format Version 12.00
# Visual Studio Version 16
VisualStudioVersion = 16.0.32228.343
MinimumVisualStudioVersion = 10.0.40219.1
Project("{FAE04EC0-301F-11D3-BF4B-00C04F79EFBC}") = "Functions", "Functions\Functions.csproj", "{AFED5676-0DD5-41EE-B9D3-8F7B393726F2}"
EndProject
Project("{FAE04EC0-301F-11D3-BF4B-00C04F79EFBC}") = "UserNameData", "UserNameData\UserNameData.csproj", "{B6BC17A1-7CEA-48E1-A39E-172C1997D0D1}"
EndProject
Project("{FAE04EC0-301F-11D3-BF4B-00C04F79EFBC}") = "UserNameDataTask", "UserNameDataTask\UserNameDataTask.csproj", "{50C26119-162C-46DD-AA6B-25EDA5B1EFB7}"
EndProject
Global
	GlobalSection(SolutionConfigurationPlatforms) = preSolution
		Debug|Any CPU = Debug|Any CPU
		Release|Any CPU = Release|Any CPU
	EndGlobalSection
	GlobalSection(ProjectConfigurationPlatforms) = postSolution
		{AFED5676-0DD5-41EE-B9D3-8F7B393726F2}.Debug|Any CPU.ActiveCfg = Debug|Any CPU
		{AFED5676-0DD5-41EE-B9D3-8F7B393726F2}.Debug|Any CPU.Build.0 = Debug|Any CPU
		{AFED5676-0DD5-41EE-B9D3-8F7B393726F2}.Release|Any CPU.ActiveCfg = Release|Any CPU
		{AFED5676-0DD5-41EE-B9D3-8F7B393726F2}.Release|Any CPU.Build.0 = Release|Any CPU
		{B6BC17A1-7CEA-48E1-A39E-172C1997D0D1}.Debug|Any CPU.ActiveCfg = Debug|Any CPU
		{B6BC17A1-7CEA-48E1-A39E-172C1997D0D1}.Debug|Any CPU.Build.0 = Debug|Any CPU
		{B6BC17A1-7CEA-48E1-A39E-172C1997D0D1}.Release|Any CPU.ActiveCfg = Release|Any CPU
		{B6BC17A1-7CEA-48E1-A39E-172C1997D0D1}.Release|Any CPU.Build.0 = Release|Any CPU
		{50C26119-162C-46DD-AA6B-25EDA5B1EFB7}.Debug|Any CPU.ActiveCfg = Debug|Any CPU
		{50C26119-162C-46DD-AA6B-25EDA5B1EFB7}.Debug|Any CPU.Build.0 = Debug|Any CPU
		{50C26119-162C-46DD-AA6B-25EDA5B1EFB7}.Release|Any CPU.ActiveCfg = Release|Any CPU
		{50C26119-162C-46DD-AA6B-25EDA5B1EFB7}.Release|Any CPU.Build.0 = Release|Any CPU
	EndGlobalSection
	GlobalSection(SolutionProperties) = preSolution
		HideSolutionNode = FALSE
	EndGlobalSection
	GlobalSection(ExtensibilityGlobals) = postSolution
		SolutionGuid = {3CAC8DC9-8BAA-4E3E-8DA7-F8C1FEBCC74E}
	EndGlobalSection
EndGlobal
